<?xml version="1.0" encoding="utf-8"?>
<Project ToolsVersion="4.0" xmlns="http://schemas.microsoft.com/developer/msbuild/2003">
  <ItemGroup>
    <Filter Include="Source Files">
      <UniqueIdentifier>{4FC737F1-C7A5-4376-A066-2A32D752A2FF}</UniqueIdentifier>
      <Extensions>cpp;c;cc;cxx;def;odl;idl;hpj;bat;asm;asmx</Extensions>
    </Filter>
    <Filter Include="Header Files">
      <UniqueIdentifier>{93995380-89BD-4b04-88EB-625FBE52EBFB}</UniqueIdentifier>
      <Extensions>h;hpp;hxx;hm;inl;inc;xsd</Extensions>
    </Filter>
    <Filter Include="Resource Files">
      <UniqueIdentifier>{67DA6AB6-F800-4c08-8B7A-83BB121AAD01}</UniqueIdentifier>
      <Extensions>rc;ico;cur;bmp;dlg;rc2;rct;bin;rgs;gif;jpg;jpeg;jpe;resx;tiff;tif;png;wav;mfcribbon-ms</Extensions>
    </Filter>
  </ItemGroup>
  <ItemGroup>
    <ClInclude Include="Src\VM.h">
      <Filter>Header Files</Filter>
    </ClInclude>
    <ClInclude Include="Src\stdafx.h">
      <Filter>Header Files</Filter>
    </ClInclude>
    <ClInclude Include="Src\OpcodeConverter.h">
      <Filter>Header Files</Filter>
    </ClInclude>
    <ClInclude Include="Src\Memory.h">
      <Filter>Header Files</Filter>
    </ClInclude>
    <ClInclude Include="Src\Operation.h">
      <Filter>Header Files</Filter>
    </ClInclude>
    <ClInclude Include="Src\ControlUnit.h">
      <Filter>Header Files</Filter>
    </ClInclude>
    <ClInclude Include="Src\ALU.h">
      <Filter>Header Files</Filter>
    </ClInclude>
    <ClInclude Include="Src\Accumulator.h">
      <Filter>Header Files</Filter>
    </ClInclude>
    <ClInclude Include="Src\CPU.h">
      <Filter>Header Files</Filter>
    </ClInclude>
    <ClInclude Include="Src\Multiplexer.h">
      <Filter>Header Files</Filter>
    </ClInclude>
    <ClInclude Include="Src\Registers\AddressRegister.h">
      <Filter>Header Files</Filter>
    </ClInclude>
    <ClInclude Include="Src\Registers\DataRegister.h">
      <Filter>Header Files</Filter>
    </ClInclude>
    <ClInclude Include="Src\Registers\ProgramCounter.h">
      <Filter>Header Files</Filter>
    </ClInclude>
    <ClInclude Include="Src\Registers\Register.h">
      <Filter>Header Files</Filter>
    </ClInclude>
    <ClInclude Include="Src\Registers\IRegister.h">
      <Filter>Header Files</Filter>
    </ClInclude>
    <ClInclude Include="Src\Registers\InstructionRegister.h">
      <Filter>Header Files</Filter>
    </ClInclude>
  </ItemGroup>
  <ItemGroup>
    <ClCompile Include="Src\Memory.cpp">
      <Filter>Source Files</Filter>
    </ClCompile>
    <ClCompile Include="Src\OpcodeConverter.cpp">
      <Filter>Source Files</Filter>
    </ClCompile>
    <ClCompile Include="Src\VM.cpp">
      <Filter>Source Files</Filter>
    </ClCompile>
    <ClCompile Include="Src\Operation.cpp">
      <Filter>Source Files</Filter>
    </ClCompile>
    <ClCompile Include="Src\ControlUnit.cpp">
      <Filter>Source Files</Filter>
    </ClCompile>
    <ClCompile Include="Src\ALU.cpp">
      <Filter>Source Files</Filter>
    </ClCompile>
    <ClCompile Include="Src\Accumulator.cpp">
      <Filter>Source Files</Filter>
    </ClCompile>
    <ClCompile Include="Src\CPU.cpp">
      <Filter>Source Files</Filter>
    </ClCompile>
    <ClCompile Include="Src\Multiplexer.cpp">
      <Filter>Source Files</Filter>
    </ClCompile>
    <ClCompile Include="Src\Registers\ProgramCounter.cpp">
      <Filter>Source Files</Filter>
    </ClCompile>
    <ClCompile Include="Src\Registers\Register.cpp">
      <Filter>Source Files</Filter>
    </ClCompile>
  </ItemGroup>
</Project>